
Microsoft Visual Studio Solution File, Format Version 12.00
# Visual Studio Version 17
VisualStudioVersion = 17.4.33213.308
MinimumVisualStudioVersion = 10.0.40219.1
Project("{FAE04EC0-301F-11D3-BF4B-00C04F79EFBC}") = "Core", "Core\Core.csproj", "{2B6B0566-1AC2-4D78-8461-A53FDD0CCCB1}"
EndProject
Project("{FAE04EC0-301F-11D3-BF4B-00C04F79EFBC}") = "Data", "Data\Data.csproj", "{1A5469F4-6834-4F91-9348-41F2B7DE7E33}"
EndProject
Project("{FAE04EC0-301F-11D3-BF4B-00C04F79EFBC}") = "Presentation", "Presentation\Presentation.csproj", "{D5EA3D1A-78E4-4EDD-846C-79FB4D7596B3}"
EndProject
Global
	GlobalSection(SolutionConfigurationPlatforms) = preSolution
		Debug|Any CPU = Debug|Any CPU
		Release|Any CPU = Release|Any CPU
	EndGlobalSection
	GlobalSection(ProjectConfigurationPlatforms) = postSolution
		{2B6B0566-1AC2-4D78-8461-A53FDD0CCCB1}.Debug|Any CPU.ActiveCfg = Debug|Any CPU
		{2B6B0566-1AC2-4D78-8461-A53FDD0CCCB1}.Debug|Any CPU.Build.0 = Debug|Any CPU
		{2B6B0566-1AC2-4D78-8461-A53FDD0CCCB1}.Release|Any CPU.ActiveCfg = Release|Any CPU
		{2B6B0566-1AC2-4D78-8461-A53FDD0CCCB1}.Release|Any CPU.Build.0 = Release|Any CPU
		{1A5469F4-6834-4F91-9348-41F2B7DE7E33}.Debug|Any CPU.ActiveCfg = Debug|Any CPU
		{1A5469F4-6834-4F91-9348-41F2B7DE7E33}.Debug|Any CPU.Build.0 = Debug|Any CPU
		{1A5469F4-6834-4F91-9348-41F2B7DE7E33}.Release|Any CPU.ActiveCfg = Release|Any CPU
		{1A5469F4-6834-4F91-9348-41F2B7DE7E33}.Release|Any CPU.Build.0 = Release|Any CPU
		{D5EA3D1A-78E4-4EDD-846C-79FB4D7596B3}.Debug|Any CPU.ActiveCfg = Debug|Any CPU
		{D5EA3D1A-78E4-4EDD-846C-79FB4D7596B3}.Debug|Any CPU.Build.0 = Debug|Any CPU
		{D5EA3D1A-78E4-4EDD-846C-79FB4D7596B3}.Release|Any CPU.ActiveCfg = Release|Any CPU
		{D5EA3D1A-78E4-4EDD-846C-79FB4D7596B3}.Release|Any CPU.Build.0 = Release|Any CPU
	EndGlobalSection
	GlobalSection(SolutionProperties) = preSolution
		HideSolutionNode = FALSE
	EndGlobalSection
	GlobalSection(ExtensibilityGlobals) = postSolution
		SolutionGuid = {A5C4BDA3-953F-4815-AA82-C575AC021B00}
	EndGlobalSection
EndGlobal
